
Microsoft Visual Studio Solution File, Format Version 12.00
# Visual Studio Version 16
VisualStudioVersion = 16.0.29519.87
MinimumVisualStudioVersion = 10.0.40219.1
Project("{FAE04EC0-301F-11D3-BF4B-00C04F79EFBC}") = "projeto1", "projeto1\projeto1.csproj", "{1B994CE1-BE2E-4FE8-A999-E6FE5FDDB6DF}"
EndProject
Global
	GlobalSection(SolutionConfigurationPlatforms) = preSolution
		Debug|Any CPU = Debug|Any CPU
		Release|Any CPU = Release|Any CPU
	EndGlobalSection
	GlobalSection(ProjectConfigurationPlatforms) = postSolution
		{1B994CE1-BE2E-4FE8-A999-E6FE5FDDB6DF}.Debug|Any CPU.ActiveCfg = Debug|Any CPU
		{1B994CE1-BE2E-4FE8-A999-E6FE5FDDB6DF}.Debug|Any CPU.Build.0 = Debug|Any CPU
		{1B994CE1-BE2E-4FE8-A999-E6FE5FDDB6DF}.Release|Any CPU.ActiveCfg = Release|Any CPU
		{1B994CE1-BE2E-4FE8-A999-E6FE5FDDB6DF}.Release|Any CPU.Build.0 = Release|Any CPU
	EndGlobalSection
	GlobalSection(SolutionProperties) = preSolution
		HideSolutionNode = FALSE
	EndGlobalSection
	GlobalSection(ExtensibilityGlobals) = postSolution
		SolutionGuid = {D6B39F34-DF22-4EC0-97B3-B61C73EB6792}
	EndGlobalSection
EndGlobal
